
Microsoft Visual Studio Solution File, Format Version 12.00
# Visual Studio Version 17
VisualStudioVersion = 17.1.32228.430
MinimumVisualStudioVersion = 10.0.40219.1
Project("{FAE04EC0-301F-11D3-BF4B-00C04F79EFBC}") = "SyncfusionWebApplication1", "SyncfusionWebApplication1\SyncfusionWebApplication1.csproj", "{F3DFB8AA-68CB-4CF3-AB3E-1EB01A1A106D}"
EndProject
Global
	GlobalSection(SolutionConfigurationPlatforms) = preSolution
		Debug|Any CPU = Debug|Any CPU
		Release|Any CPU = Release|Any CPU
	EndGlobalSection
	GlobalSection(ProjectConfigurationPlatforms) = postSolution
		{F3DFB8AA-68CB-4CF3-AB3E-1EB01A1A106D}.Debug|Any CPU.ActiveCfg = Debug|Any CPU
		{F3DFB8AA-68CB-4CF3-AB3E-1EB01A1A106D}.Debug|Any CPU.Build.0 = Debug|Any CPU
		{F3DFB8AA-68CB-4CF3-AB3E-1EB01A1A106D}.Release|Any CPU.ActiveCfg = Release|Any CPU
		{F3DFB8AA-68CB-4CF3-AB3E-1EB01A1A106D}.Release|Any CPU.Build.0 = Release|Any CPU
	EndGlobalSection
	GlobalSection(SolutionProperties) = preSolution
		HideSolutionNode = FALSE
	EndGlobalSection
	GlobalSection(ExtensibilityGlobals) = postSolution
		SolutionGuid = {2F036258-DEB1-43A5-8B21-D5985A669DB8}
	EndGlobalSection
EndGlobal
